
Microsoft Visual Studio Solution File, Format Version 12.00
# Visual Studio Version 17
VisualStudioVersion = 17.14.36616.10 d17.14
MinimumVisualStudioVersion = 10.0.40219.1
Project("{FAE04EC0-301F-11D3-BF4B-00C04F79EFBC}") = "CsvApi", "CsvApi\CsvApi.csproj", "{C22EE27D-2148-4859-9FE1-9E7F0D44E4E0}"
EndProject
Project("{FAE04EC0-301F-11D3-BF4B-00C04F79EFBC}") = "CsvApi.Domain", "CsvApi.Domain\CsvApi.Domain.csproj", "{0CA6210A-B15E-4988-BEBA-431DDB898F28}"
EndProject
Project("{FAE04EC0-301F-11D3-BF4B-00C04F79EFBC}") = "CsvApi.Application", "CsvApi.Application\CsvApi.Application.csproj", "{0822E797-3A79-41AC-9944-01E12EBBEF79}"
EndProject
Project("{FAE04EC0-301F-11D3-BF4B-00C04F79EFBC}") = "CsvApi.Infrastructure", "CsvApi.Infrastructure\CsvApi.Infrastructure.csproj", "{DFF3BC4E-4682-48BE-BBD5-59FA24C2CEF5}"
EndProject
Global
	GlobalSection(SolutionConfigurationPlatforms) = preSolution
		Debug|Any CPU = Debug|Any CPU
		Release|Any CPU = Release|Any CPU
	EndGlobalSection
	GlobalSection(ProjectConfigurationPlatforms) = postSolution
		{C22EE27D-2148-4859-9FE1-9E7F0D44E4E0}.Debug|Any CPU.ActiveCfg = Debug|Any CPU
		{C22EE27D-2148-4859-9FE1-9E7F0D44E4E0}.Debug|Any CPU.Build.0 = Debug|Any CPU
		{C22EE27D-2148-4859-9FE1-9E7F0D44E4E0}.Release|Any CPU.ActiveCfg = Release|Any CPU
		{C22EE27D-2148-4859-9FE1-9E7F0D44E4E0}.Release|Any CPU.Build.0 = Release|Any CPU
		{0CA6210A-B15E-4988-BEBA-431DDB898F28}.Debug|Any CPU.ActiveCfg = Debug|Any CPU
		{0CA6210A-B15E-4988-BEBA-431DDB898F28}.Debug|Any CPU.Build.0 = Debug|Any CPU
		{0CA6210A-B15E-4988-BEBA-431DDB898F28}.Release|Any CPU.ActiveCfg = Release|Any CPU
		{0CA6210A-B15E-4988-BEBA-431DDB898F28}.Release|Any CPU.Build.0 = Release|Any CPU
		{0822E797-3A79-41AC-9944-01E12EBBEF79}.Debug|Any CPU.ActiveCfg = Debug|Any CPU
		{0822E797-3A79-41AC-9944-01E12EBBEF79}.Debug|Any CPU.Build.0 = Debug|Any CPU
		{0822E797-3A79-41AC-9944-01E12EBBEF79}.Release|Any CPU.ActiveCfg = Release|Any CPU
		{0822E797-3A79-41AC-9944-01E12EBBEF79}.Release|Any CPU.Build.0 = Release|Any CPU
		{DFF3BC4E-4682-48BE-BBD5-59FA24C2CEF5}.Debug|Any CPU.ActiveCfg = Debug|Any CPU
		{DFF3BC4E-4682-48BE-BBD5-59FA24C2CEF5}.Debug|Any CPU.Build.0 = Debug|Any CPU
		{DFF3BC4E-4682-48BE-BBD5-59FA24C2CEF5}.Release|Any CPU.ActiveCfg = Release|Any CPU
		{DFF3BC4E-4682-48BE-BBD5-59FA24C2CEF5}.Release|Any CPU.Build.0 = Release|Any CPU
	EndGlobalSection
	GlobalSection(SolutionProperties) = preSolution
		HideSolutionNode = FALSE
	EndGlobalSection
	GlobalSection(ExtensibilityGlobals) = postSolution
		SolutionGuid = {A1A68BB3-4478-458C-985E-0A67A4F49C87}
	EndGlobalSection
EndGlobal
